lockfileVersion: 5.4

importers:

  .:
    specifiers: {}

  packages/reactivity:
    specifiers: {}

  packages/shared:
    specifiers: {}

  packages/vue:
    specifiers:
      '@avicii/reactivity': workspace:^1.0.0
      '@avicii/shared': workspace:^1.0.0
    dependencies:
      '@avicii/reactivity': link:../reactivity
      '@avicii/shared': link:../shared
